// !$*UTF8*$!
{
	archiveVersion = 1;
	classes = {
	};
	objectVersion = 46;
	objects = {

/* Begin PBXBuildFile section */
		DE7EFE451E6A169600667375 /* AppDelegate.swift in Sources */ = {isa = PBXBuildFile; fileRef = DE7EFE441E6A169600667375 /* AppDelegate.swift */; };
		DE7EFE471E6A169600667375 /* ViewController.swift in Sources */ = {isa = PBXBuildFile; fileRef = DE7EFE461E6A169600667375 /* ViewController.swift */; };
		DE7EFE4A1E6A169600667375 /* Main.storyboard in Resources */ = {isa = PBXBuildFile; fileRef = DE7EFE481E6A169600667375 /* Main.storyboard */; };
		DE7EFE4C1E6A169600667375 /* Assets.xcassets in Resources */ = {isa = PBXBuildFile; fileRef = DE7EFE4B1E6A169600667375 /* Assets.xcassets */; };
		DE7EFE4F1E6A169600667375 /* LaunchScreen.storyboard in Resources */ = {isa = PBXBuildFile; fileRef = DE7EFE4D1E6A169600667375 /* LaunchScreen.storyboard */; };
/* End PBXBuildFile section */

/* Begin PBXFileReference section */
		DE7EFE411E6A169600667375 /* UIKitLab.app */ = {isa = PBXFileReference; explicitFileType = wrapper.application; includeInIndex = 0; path = UIKitLab.app; sourceTree = BUILT_PRODUCTS_DIR; };
		DE7EFE441E6A169600667375 /* AppDelegate.swift */ = {isa = PBXFileReference; lastKnownFileType = sourcecode.swift; path = AppDelegate.swift; sourceTree = "<group>"; };
		DE7EFE461E6A169600667375 /* ViewController.swift */ = {isa = PBXFileReference; lastKnownFileType = sourcecode.swift; path = ViewController.swift; sourceTree = "<group>"; };
		DE7EFE491E6A169600667375 /* Base */ = {isa = PBXFileReference; lastKnownFileType = file.storyboard; name = Base; path = Base.lproj/Main.storyboard; sourceTree = "<group>"; };
		DE7EFE4B1E6A169600667375 /* Assets.xcassets */ = {isa = PBXFileReference; lastKnownFileType = folder.assetcatalog; path = Assets.xcassets; sourceTree = "<group>"; };
		DE7EFE4E1E6A169600667375 /* Base */ = {isa = PBXFileReference; lastKnownFileType = file.storyboard; name = Base; path = Base.lproj/LaunchScreen.storyboard; sourceTree = "<group>"; };
		DE7EFE501E6A169600667375 /* Info.plist */ = {isa = PBXFileReference; lastKnownFileType = text.plist.xml; path = Info.plist; sourceTree = "<group>"; };
/* End PBXFileReference section */

/* Begin PBXFrameworksBuildPhase section */
		DE7EFE3E1E6A169600667375 /* Frameworks */ = {
			isa = PBXFrameworksBuildPhase;
			buildActionMask = 2147483647;
			files = (
			);
			runOnlyForDeploymentPostprocessing = 0;
		};
/* End PBXFrameworksBuildPhase section */

/* Begin PBXGroup section */
		DE7EFE381E6A169600667375 = {
			isa = PBXGroup;
			children = (
				DE7EFE431E6A169600667375 /* UIKitLab */,
				DE7EFE421E6A169600667375 /* Products */,
			);
			sourceTree = "<group>";
		};
		DE7EFE421E6A169600667375 /* Products */ = {
			isa = PBXGroup;
			children = (
				DE7EFE411E6A169600667375 /* UIKitLab.app */,
			);
			name = Products;
			sourceTree = "<group>";
		};
		DE7EFE431E6A169600667375 /* UIKitLab */ = {
			isa = PBXGroup;
			children = (
				DE7EFE441E6A169600667375 /* AppDelegate.swift */,
				DE7EFE461E6A169600667375 /* ViewController.swift */,
				DE7EFE481E6A169600667375 /* Main.storyboard */,
				DE7EFE4B1E6A169600667375 /* Assets.xcassets */,
				DE7EFE4D1E6A169600667375 /* LaunchScreen.storyboard */,
				DE7EFE501E6A169600667375 /* Info.plist */,
			);
			path = UIKitLab;
			sourceTree = "<group>";
		};
/* End PBXGroup section */

/* Begin PBXNativeTarget section */
		DE7EFE401E6A169600667375 /* UIKitLab */ = {
			isa = PBXNativeTarget;
			buildConfigurationList = DE7EFE531E6A169600667375 /* Build configuration list for PBXNativeTarget "UIKitLab" */;
			buildPhases = (
				DE7EFE3D1E6A169600667375 /* Sources */,
				DE7EFE3E1E6A169600667375 /* Frameworks */,
				DE7EFE3F1E6A169600667375 /* Resources */,
			);
			buildRules = (
			);
			dependencies = (
			);
			name = UIKitLab;
			productName = UIKitLab;
			productReference = DE7EFE411E6A169600667375 /* UIKitLab.app */;
			productType = "com.apple.product-type.application";
		};
/* End PBXNativeTarget section */

/* Begin PBXProject section */
		DE7EFE391E6A169600667375 /* Project object */ = {
			isa = PBXProject;
			attributes = {
				LastSwiftUpdateCheck = 0820;
				LastUpgradeCheck = 0820;
				ORGANIZATIONNAME = "Bettina Prophete";
				TargetAttributes = {
					DE7EFE401E6A169600667375 = {
						CreatedOnToolsVersion = 8.2;
						DevelopmentTeam = PC6SC7E96K;
						ProvisioningStyle = Automatic;
					};
				};
			};
			buildConfigurationList = DE7EFE3C1E6A169600667375 /* Build configuration list for PBXProject "UIKitLab" */;
			compatibilityVersion = "Xcode 3.2";
			developmentRegion = English;
			hasScannedForEncodings = 0;
			knownRegions = (
				en,
				Base,
			);
			mainGroup = DE7EFE381E6A169600667375;
			productRefGroup = DE7EFE421E6A169600667375 /* Products */;
			projectDirPath = "";
			projectRoot = "";
			targets = (
				DE7EFE401E6A169600667375 /* UIKitLab */,
			);
		};
/* End PBXProject section */

/* Begin PBXResourcesBuildPhase section */
		DE7EFE3F1E6A169600667375 /* Resources */ = {
			isa = PBXResourcesBuildPhase;
			buildActionMask = 2147483647;
			files = (
				DE7EFE4F1E6A169600667375 /* LaunchScreen.storyboard in Resources */,
				DE7EFE4C1E6A169600667375 /* Assets.xcassets in Resources */,
				DE7EFE4A1E6A169600667375 /* Main.storyboard in Resources */,
			);
			runOnlyForDeploymentPostprocessing = 0;
		};
/* End PBXResourcesBuildPhase section */

/* Begin PBXSourcesBuildPhase section */
		DE7EFE3D1E6A169600667375 /* Sources */ = {
			isa = PBXSourcesBuildPhase;
			buildActionMask = 2147483647;
			files = (
				DE7EFE471E6A169600667375 /* ViewController.swift in Sources */,
				DE7EFE451E6A169600667375 /* AppDelegate.swift in Sources */,
			);
			runOnlyForDeploymentPostprocessing = 0;
		};
/* End PBXSourcesBuildPhase section */

/* Begin PBXVariantGroup section */
		DE7EFE481E6A169600667375 /* Main.storyboard */ = {
			isa = PBXVariantGroup;
			children = (
				DE7EFE491E6A169600667375 /* Base */,
			);
			name = Main.storyboard;
			sourceTree = "<group>";
		};
		DE7EFE4D1E6A169600667375 /* LaunchScreen.storyboard */ = {
			isa = PBXVariantGroup;
			children = (
				DE7EFE4E1E6A169600667375 /* Base */,
			);
			name = LaunchScreen.storyboard;
			sourceTree = "<group>";
		};
/* End PBXVariantGroup section */

/* Begin XCBuildConfiguration section */
		DE7EFE511E6A169600667375 /* Debug */ = {
			isa = XCBuildConfiguration;
			buildSettings = {
				ALWAYS_SEARCH_USER_PATHS = NO;
				CLANG_ANALYZER_NONNULL = YES;
				CLANG_CXX_LANGUAGE_STANDARD = "gnu++0x";
				CLANG_CXX_LIBRARY = "libc++";
				CLANG_ENABLE_MODULES = YES;
				CLANG_ENABLE_OBJC_ARC = YES;
				CLANG_WARN_BOOL_CONVERSION = YES;
				CLANG_WARN_CONSTANT_CONVERSION = YES;
				CLANG_WARN_DIRECT_OBJC_ISA_USAGE = YES_ERROR;
				CLANG_WARN_DOCUMENTATION_COMMENTS = YES;
				CLANG_WARN_EMPTY_BODY = YES;
				CLANG_WARN_ENUM_CONVERSION = YES;
				CLANG_WARN_INFINITE_RECURSION = YES;
				CLANG_WARN_INT_CONVERSION = YES;
				CLANG_WARN_OBJC_ROOT_CLASS = YES_ERROR;
				CLANG_WARN_SUSPICIOUS_MOVE = YES;
				CLANG_WARN_UNREACHABLE_CODE = YES;
				CLANG_WARN__DUPLICATE_METHOD_MATCH = YES;
				"CODE_SIGN_IDENTITY[sdk=iphoneos*]" = "iPhone Developer";
				COPY_PHASE_STRIP = NO;
				DEBUG_INFORMATION_FORMAT = dwarf;
				ENABLE_STRICT_OBJC_MSGSEND = YES;
				ENABLE_TESTABILITY = YES;
				GCC_C_LANGUAGE_STANDARD = gnu99;
				GCC_DYNAMIC_NO_PIC = NO;
				GCC_NO_COMMON_BLOCKS = YES;
				GCC_OPTIMIZATION_LEVEL = 0;
				GCC_PREPROCESSOR_DEFINITIONS = (
					"DEBUG=1",
					"$(inherited)",
				);
				GCC_WARN_64_TO_32_BIT_CONVERSION = YES;
				GCC_WARN_ABOUT_RETURN_TYPE = YES_ERROR;
				GCC_WARN_UNDECLARED_SELECTOR = YES;
				GCC_WARN_UNINITIALIZED_AUTOS = YES_AGGRESSIVE;
				GCC_WARN_UNUSED_FUNCTION = YES;
				GCC_WARN_UNUSED_VARIABLE = YES;
				IPHONEOS_DEPLOYMENT_TARGET = 10.2;
				MTL_ENABLE_DEBUG_INFO = YES;
				ONLY_ACTIVE_ARCH = YES;
				SDKROOT = iphoneos;
				SWIFT_ACTIVE_COMPILATION_CONDITIONS = DEBUG;
				SWIFT_OPTIMIZATION_LEVEL = "-Onone";
				TARGETED_DEVICE_FAMILY = "1,2";
			};
			name = Debug;
		};
		DE7EFE521E6A169600667375 /* Release */ = {
			isa = XCBuildConfiguration;
			buildSettings = {
				ALWAYS_SEARCH_USER_PATHS = NO;
				CLANG_ANALYZER_NONNULL = YES;
				CLANG_CXX_LANGUAGE_STANDARD = "gnu++0x";
				CLANG_CXX_LIBRARY = "libc++";
				CLANG_ENABLE_MODULES = YES;
				CLANG_ENABLE_OBJC_ARC = YES;
				CLANG_WARN_BOOL_CONVERSION = YES;
				CLANG_WARN_CONSTANT_CONVERSION = YES;
				CLANG_WARN_DIRECT_OBJC_ISA_USAGE = YES_ERROR;
				CLANG_WARN_DOCUMENTATION_COMMENTS = YES;
				CLANG_WARN_EMPTY_BODY = YES;
				CLANG_WARN_ENUM_CONVERSION = YES;
				CLANG_WARN_INFINITE_RECURSION = YES;
				CLANG_WARN_INT_CONVERSION = YES;
				CLANG_WARN_OBJC_ROOT_CLASS = YES_ERROR;
				CLANG_WARN_SUSPICIOUS_MOVE = YES;
				CLANG_WARN_UNREACHABLE_CODE = YES;
				CLANG_WARN__DUPLICATE_METHOD_MATCH = YES;
				"CODE_SIGN_IDENTITY[sdk=iphoneos*]" = "iPhone Developer";
				COPY_PHASE_STRIP = NO;
				DEBUG_INFORMATION_FORMAT = "dwarf-with-dsym";
				ENABLE_NS_ASSERTIONS = NO;
				ENABLE_STRICT_OBJC_MSGSEND = YES;
				GCC_C_LANGUAGE_STANDARD = gnu99;
				GCC_NO_COMMON_BLOCKS = YES;
				GCC_WARN_64_TO_32_BIT_CONVERSION = YES;
				GCC_WARN_ABOUT_RETURN_TYPE = YES_ERROR;
				GCC_WARN_UNDECLARED_SELECTOR = YES;
				GCC_WARN_UNINITIALIZED_AUTOS = YES_AGGRESSIVE;
				GCC_WARN_UNUSED_FUNCTION = YES;
				GCC_WARN_UNUSED_VARIABLE = YES;
				IPHONEOS_DEPLOYMENT_TARGET = 10.2;
				MTL_ENABLE_DEBUG_INFO = NO;
				SDKROOT = iphoneos;
				SWIFT_OPTIMIZATION_LEVEL = "-Owholemodule";
				TARGETED_DEVICE_FAMILY = "1,2";
				VALIDATE_PRODUCT = YES;
			};
			name = Release;
		};
		DE7EFE541E6A169600667375 /* Debug */ = {
			isa = XCBuildConfiguration;
			buildSettings = {
				ASSETCATALOG_COMPILER_APPICON_NAME = AppIcon;
				DEVELOPMENT_TEAM = PC6SC7E96K;
				INFOPLIST_FILE = UIKitLab/Info.plist;
				LD_RUNPATH_SEARCH_PATHS = "$(inherited) @executable_path/Frameworks";
				PRODUCT_BUNDLE_IDENTIFIER = BP.UIKitLab;
				PRODUCT_NAME = "$(TARGET_NAME)";
				SWIFT_VERSION = 3.0;
			};
			name = Debug;
		};
		DE7EFE551E6A169600667375 /* Release */ = {
			isa = XCBuildConfiguration;
			buildSettings = {
				ASSETCATALOG_COMPILER_APPICON_NAME = AppIcon;
				DEVELOPMENT_TEAM = PC6SC7E96K;
				INFOPLIST_FILE = UIKitLab/Info.plist;
				LD_RUNPATH_SEARCH_PATHS = "$(inherited) @executable_path/Frameworks";
				PRODUCT_BUNDLE_IDENTIFIER = BP.UIKitLab;
				PRODUCT_NAME = "$(TARGET_NAME)";
				SWIFT_VERSION = 3.0;
			};
			name = Release;
		};
/* End XCBuildConfiguration section */

/* Begin XCConfigurationList section */
		DE7EFE3C1E6A169600667375 /* Build configuration list for PBXProject "UIKitLab" */ = {
			isa = XCConfigurationList;
			buildConfigurations = (
				DE7EFE511E6A169600667375 /* Debug */,
				DE7EFE521E6A169600667375 /* Release */,
			);
			defaultConfigurationIsVisible = 0;
			defaultConfigurationName = Release;
		};
		DE7EFE531E6A169600667375 /* Build configuration list for PBXNativeTarget "UIKitLab" */ = {
			isa = XCConfigurationList;
			buildConfigurations = (
				DE7EFE541E6A169600667375 /* Debug */,
				DE7EFE551E6A169600667375 /* Release */,
			);
			defaultConfigurationIsVisible = 0;
		};
/* End XCConfigurationList section */
	};
	rootObject = DE7EFE391E6A169600667375 /* Project object */;
}
